// !$*UTF8*$!
{
	archiveVersion = 1;
	classes = {
	};
	objectVersion = 46;
	objects = {

/* Begin PBXBuildFile section */
		D79C1C0819BEB162008085CB /* AppDelegate.swift in Sources */ = {isa = PBXBuildFile; fileRef = D79C1C0719BEB162008085CB /* AppDelegate.swift */; };
		D79C1C0A19BEB162008085CB /* ViewController.swift in Sources */ = {isa = PBXBuildFile; fileRef = D79C1C0919BEB162008085CB /* ViewController.swift */; };
		D79C1C0D19BEB162008085CB /* Main.storyboard in Resources */ = {isa = PBXBuildFile; fileRef = D79C1C0B19BEB162008085CB /* Main.storyboard */; };
		D79C1C0F19BEB162008085CB /* Images.xcassets in Resources */ = {isa = PBXBuildFile; fileRef = D79C1C0E19BEB162008085CB /* Images.xcassets */; };
		D79C1C1B19BEB162008085CB /* Unit3DemoTests.swift in Sources */ = {isa = PBXBuildFile; fileRef = D79C1C1A19BEB162008085CB /* Unit3DemoTests.swift */; };
/* End PBXBuildFile section */

/* Begin PBXContainerItemProxy section */
		D79C1C1519BEB162008085CB /* PBXContainerItemProxy */ = {
			isa = PBXContainerItemProxy;
			containerPortal = D79C1BFA19BEB162008085CB /* Project object */;
			proxyType = 1;
			remoteGlobalIDString = D79C1C0119BEB162008085CB;
			remoteInfo = Unit3Demo;
		};
/* End PBXContainerItemProxy section */

/* Begin PBXFileReference section */
		D79C1C0219BEB162008085CB /* Unit3Demo.app */ = {isa = PBXFileReference; explicitFileType = wrapper.application; includeInIndex = 0; path = Unit3Demo.app; sourceTree = BUILT_PRODUCTS_DIR; };
		D79C1C0619BEB162008085CB /* Info.plist */ = {isa = PBXFileReference; lastKnownFileType = text.plist.xml; path = Info.plist; sourceTree = "<group>"; };
		D79C1C0719BEB162008085CB /* AppDelegate.swift */ = {isa = PBXFileReference; lastKnownFileType = sourcecode.swift; path = AppDelegate.swift; sourceTree = "<group>"; };
		D79C1C0919BEB162008085CB /* ViewController.swift */ = {isa = PBXFileReference; lastKnownFileType = sourcecode.swift; path = ViewController.swift; sourceTree = "<group>"; };
		D79C1C0C19BEB162008085CB /* Base */ = {isa = PBXFileReference; lastKnownFileType = file.storyboard; name = Base; path = Base.lproj/Main.storyboard; sourceTree = "<group>"; };
		D79C1C0E19BEB162008085CB /* Images.xcassets */ = {isa = PBXFileReference; lastKnownFileType = folder.assetcatalog; path = Images.xcassets; sourceTree = "<group>"; };
		D79C1C1419BEB162008085CB /* Unit3DemoTests.xctest */ = {isa = PBXFileReference; explicitFileType = wrapper.cfbundle; includeInIndex = 0; path = Unit3DemoTests.xctest; sourceTree = BUILT_PRODUCTS_DIR; };
		D79C1C1919BEB162008085CB /* Info.plist */ = {isa = PBXFileReference; lastKnownFileType = text.plist.xml; path = Info.plist; sourceTree = "<group>"; };
		D79C1C1A19BEB162008085CB /* Unit3DemoTests.swift */ = {isa = PBXFileReference; lastKnownFileType = sourcecode.swift; path = Unit3DemoTests.swift; sourceTree = "<group>"; };
/* End PBXFileReference section */

/* Begin PBXFrameworksBuildPhase section */
		D79C1BFF19BEB162008085CB /* Frameworks */ = {
			isa = PBXFrameworksBuildPhase;
			buildActionMask = 2147483647;
			files = (
			);
			runOnlyForDeploymentPostprocessing = 0;
		};
		D79C1C1119BEB162008085CB /* Frameworks */ = {
			isa = PBXFrameworksBuildPhase;
			buildActionMask = 2147483647;
			files = (
			);
			runOnlyForDeploymentPostprocessing = 0;
		};
/* End PBXFrameworksBuildPhase section */

/* Begin PBXGroup section */
		D79C1BF919BEB162008085CB = {
			isa = PBXGroup;
			children = (
				D79C1C0419BEB162008085CB /* Unit3Demo */,
				D79C1C1719BEB162008085CB /* Unit3DemoTests */,
				D79C1C0319BEB162008085CB /* Products */,
			);
			sourceTree = "<group>";
		};
		D79C1C0319BEB162008085CB /* Products */ = {
			isa = PBXGroup;
			children = (
				D79C1C0219BEB162008085CB /* Unit3Demo.app */,
				D79C1C1419BEB162008085CB /* Unit3DemoTests.xctest */,
			);
			name = Products;
			sourceTree = "<group>";
		};
		D79C1C0419BEB162008085CB /* Unit3Demo */ = {
			isa = PBXGroup;
			children = (
				D79C1C0719BEB162008085CB /* AppDelegate.swift */,
				D79C1C0919BEB162008085CB /* ViewController.swift */,
				D79C1C0B19BEB162008085CB /* Main.storyboard */,
				D79C1C0E19BEB162008085CB /* Images.xcassets */,
				D79C1C0519BEB162008085CB /* Supporting Files */,
			);
			path = Unit3Demo;
			sourceTree = "<group>";
		};
		D79C1C0519BEB162008085CB /* Supporting Files */ = {
			isa = PBXGroup;
			children = (
				D79C1C0619BEB162008085CB /* Info.plist */,
			);
			name = "Supporting Files";
			sourceTree = "<group>";
		};
		D79C1C1719BEB162008085CB /* Unit3DemoTests */ = {
			isa = PBXGroup;
			children = (
				D79C1C1A19BEB162008085CB /* Unit3DemoTests.swift */,
				D79C1C1819BEB162008085CB /* Supporting Files */,
			);
			path = Unit3DemoTests;
			sourceTree = "<group>";
		};
		D79C1C1819BEB162008085CB /* Supporting Files */ = {
			isa = PBXGroup;
			children = (
				D79C1C1919BEB162008085CB /* Info.plist */,
			);
			name = "Supporting Files";
			sourceTree = "<group>";
		};
/* End PBXGroup section */

/* Begin PBXNativeTarget section */
		D79C1C0119BEB162008085CB /* Unit3Demo */ = {
			isa = PBXNativeTarget;
			buildConfigurationList = D79C1C1E19BEB162008085CB /* Build configuration list for PBXNativeTarget "Unit3Demo" */;
			buildPhases = (
				D79C1BFE19BEB162008085CB /* Sources */,
				D79C1BFF19BEB162008085CB /* Frameworks */,
				D79C1C0019BEB162008085CB /* Resources */,
			);
			buildRules = (
			);
			dependencies = (
			);
			name = Unit3Demo;
			productName = Unit3Demo;
			productReference = D79C1C0219BEB162008085CB /* Unit3Demo.app */;
			productType = "com.apple.product-type.application";
		};
		D79C1C1319BEB162008085CB /* Unit3DemoTests */ = {
			isa = PBXNativeTarget;
			buildConfigurationList = D79C1C2119BEB162008085CB /* Build configuration list for PBXNativeTarget "Unit3DemoTests" */;
			buildPhases = (
				D79C1C1019BEB162008085CB /* Sources */,
				D79C1C1119BEB162008085CB /* Frameworks */,
				D79C1C1219BEB162008085CB /* Resources */,
			);
			buildRules = (
			);
			dependencies = (
				D79C1C1619BEB162008085CB /* PBXTargetDependency */,
			);
			name = Unit3DemoTests;
			productName = Unit3DemoTests;
			productReference = D79C1C1419BEB162008085CB /* Unit3DemoTests.xctest */;
			productType = "com.apple.product-type.bundle.unit-test";
		};
/* End PBXNativeTarget section */

/* Begin PBXProject section */
		D79C1BFA19BEB162008085CB /* Project object */ = {
			isa = PBXProject;
			attributes = {
				LastUpgradeCheck = 0600;
				ORGANIZATIONNAME = "Eric Sarmiento";
				TargetAttributes = {
					D79C1C0119BEB162008085CB = {
						CreatedOnToolsVersion = 6.0;
					};
					D79C1C1319BEB162008085CB = {
						CreatedOnToolsVersion = 6.0;
						TestTargetID = D79C1C0119BEB162008085CB;
					};
				};
			};
			buildConfigurationList = D79C1BFD19BEB162008085CB /* Build configuration list for PBXProject "Unit3Demo" */;
			compatibilityVersion = "Xcode 3.2";
			developmentRegion = English;
			hasScannedForEncodings = 0;
			knownRegions = (
				en,
				Base,
			);
			mainGroup = D79C1BF919BEB162008085CB;
			productRefGroup = D79C1C0319BEB162008085CB /* Products */;
			projectDirPath = "";
			projectRoot = "";
			targets = (
				D79C1C0119BEB162008085CB /* Unit3Demo */,
				D79C1C1319BEB162008085CB /* Unit3DemoTests */,
			);
		};
/* End PBXProject section */

/* Begin PBXResourcesBuildPhase section */
		D79C1C0019BEB162008085CB /* Resources */ = {
			isa = PBXResourcesBuildPhase;
			buildActionMask = 2147483647;
			files = (
				D79C1C0D19BEB162008085CB /* Main.storyboard in Resources */,
				D79C1C0F19BEB162008085CB /* Images.xcassets in Resources */,
			);
			runOnlyForDeploymentPostprocessing = 0;
		};
		D79C1C1219BEB162008085CB /* Resources */ = {
			isa = PBXResourcesBuildPhase;
			buildActionMask = 2147483647;
			files = (
			);
			runOnlyForDeploymentPostprocessing = 0;
		};
/* End PBXResourcesBuildPhase section */

/* Begin PBXSourcesBuildPhase section */
		D79C1BFE19BEB162008085CB /* Sources */ = {
			isa = PBXSourcesBuildPhase;
			buildActionMask = 2147483647;
			files = (
				D79C1C0A19BEB162008085CB /* ViewController.swift in Sources */,
				D79C1C0819BEB162008085CB /* AppDelegate.swift in Sources */,
			);
			runOnlyForDeploymentPostprocessing = 0;
		};
		D79C1C1019BEB162008085CB /* Sources */ = {
			isa = PBXSourcesBuildPhase;
			buildActionMask = 2147483647;
			files = (
				D79C1C1B19BEB162008085CB /* Unit3DemoTests.swift in Sources */,
			);
			runOnlyForDeploymentPostprocessing = 0;
		};
/* End PBXSourcesBuildPhase section */

/* Begin PBXTargetDependency section */
		D79C1C1619BEB162008085CB /* PBXTargetDependency */ = {
			isa = PBXTargetDependency;
			target = D79C1C0119BEB162008085CB /* Unit3Demo */;
			targetProxy = D79C1C1519BEB162008085CB /* PBXContainerItemProxy */;
		};
/* End PBXTargetDependency section */

/* Begin PBXVariantGroup section */
		D79C1C0B19BEB162008085CB /* Main.storyboard */ = {
			isa = PBXVariantGroup;
			children = (
				D79C1C0C19BEB162008085CB /* Base */,
			);
			name = Main.storyboard;
			sourceTree = "<group>";
		};
/* End PBXVariantGroup section */

/* Begin XCBuildConfiguration section */
		D79C1C1C19BEB162008085CB /* Debug */ = {
			isa = XCBuildConfiguration;
			buildSettings = {
				ALWAYS_SEARCH_USER_PATHS = NO;
				CLANG_CXX_LANGUAGE_STANDARD = "gnu++0x";
				CLANG_CXX_LIBRARY = "libc++";
				CLANG_ENABLE_MODULES = YES;
				CLANG_ENABLE_OBJC_ARC = YES;
				CLANG_WARN_BOOL_CONVERSION = YES;
				CLANG_WARN_CONSTANT_CONVERSION = YES;
				CLANG_WARN_DIRECT_OBJC_ISA_USAGE = YES_ERROR;
				CLANG_WARN_EMPTY_BODY = YES;
				CLANG_WARN_ENUM_CONVERSION = YES;
				CLANG_WARN_INT_CONVERSION = YES;
				CLANG_WARN_OBJC_ROOT_CLASS = YES_ERROR;
				CLANG_WARN_UNREACHABLE_CODE = YES;
				CLANG_WARN__DUPLICATE_METHOD_MATCH = YES;
				"CODE_SIGN_IDENTITY[sdk=iphoneos*]" = "iPhone Developer";
				COPY_PHASE_STRIP = NO;
				ENABLE_STRICT_OBJC_MSGSEND = YES;
				GCC_C_LANGUAGE_STANDARD = gnu99;
				GCC_DYNAMIC_NO_PIC = NO;
				GCC_OPTIMIZATION_LEVEL = 0;
				GCC_PREPROCESSOR_DEFINITIONS = (
					"DEBUG=1",
					"$(inherited)",
				);
				GCC_SYMBOLS_PRIVATE_EXTERN = NO;
				GCC_WARN_64_TO_32_BIT_CONVERSION = YES;
				GCC_WARN_ABOUT_RETURN_TYPE = YES_ERROR;
				GCC_WARN_UNDECLARED_SELECTOR = YES;
				GCC_WARN_UNINITIALIZED_AUTOS = YES_AGGRESSIVE;
				GCC_WARN_UNUSED_FUNCTION = YES;
				GCC_WARN_UNUSED_VARIABLE = YES;
				IPHONEOS_DEPLOYMENT_TARGET = 8.0;
				MTL_ENABLE_DEBUG_INFO = YES;
				ONLY_ACTIVE_ARCH = YES;
				SDKROOT = iphoneos;
				SWIFT_OPTIMIZATION_LEVEL = "-Onone";
			};
			name = Debug;
		};
		D79C1C1D19BEB162008085CB /* Release */ = {
			isa = XCBuildConfiguration;
			buildSettings = {
				ALWAYS_SEARCH_USER_PATHS = NO;
				CLANG_CXX_LANGUAGE_STANDARD = "gnu++0x";
				CLANG_CXX_LIBRARY = "libc++";
				CLANG_ENABLE_MODULES = YES;
				CLANG_ENABLE_OBJC_ARC = YES;
				CLANG_WARN_BOOL_CONVERSION = YES;
				CLANG_WARN_CONSTANT_CONVERSION = YES;
				CLANG_WARN_DIRECT_OBJC_ISA_USAGE = YES_ERROR;
				CLANG_WARN_EMPTY_BODY = YES;
				CLANG_WARN_ENUM_CONVERSION = YES;
				CLANG_WARN_INT_CONVERSION = YES;
				CLANG_WARN_OBJC_ROOT_CLASS = YES_ERROR;
				CLANG_WARN_UNREACHABLE_CODE = YES;
				CLANG_WARN__DUPLICATE_METHOD_MATCH = YES;
				"CODE_SIGN_IDENTITY[sdk=iphoneos*]" = "iPhone Developer";
				COPY_PHASE_STRIP = YES;
				ENABLE_NS_ASSERTIONS = NO;
				ENABLE_STRICT_OBJC_MSGSEND = YES;
				GCC_C_LANGUAGE_STANDARD = gnu99;
				GCC_WARN_64_TO_32_BIT_CONVERSION = YES;
				GCC_WARN_ABOUT_RETURN_TYPE = YES_ERROR;
				GCC_WARN_UNDECLARED_SELECTOR = YES;
				GCC_WARN_UNINITIALIZED_AUTOS = YES_AGGRESSIVE;
				GCC_WARN_UNUSED_FUNCTION = YES;
				GCC_WARN_UNUSED_VARIABLE = YES;
				IPHONEOS_DEPLOYMENT_TARGET = 8.0;
				MTL_ENABLE_DEBUG_INFO = NO;
				SDKROOT = iphoneos;
				VALIDATE_PRODUCT = YES;
			};
			name = Release;
		};
		D79C1C1F19BEB162008085CB /* Debug */ = {
			isa = XCBuildConfiguration;
			buildSettings = {
				ASSETCATALOG_COMPILER_APPICON_NAME = AppIcon;
				ASSETCATALOG_COMPILER_LAUNCHIMAGE_NAME = LaunchImage;
				INFOPLIST_FILE = Unit3Demo/Info.plist;
				LD_RUNPATH_SEARCH_PATHS = "$(inherited) @executable_path/Frameworks";
				PRODUCT_NAME = "$(TARGET_NAME)";
			};
			name = Debug;
		};
		D79C1C2019BEB162008085CB /* Release */ = {
			isa = XCBuildConfiguration;
			buildSettings = {
				ASSETCATALOG_COMPILER_APPICON_NAME = AppIcon;
				ASSETCATALOG_COMPILER_LAUNCHIMAGE_NAME = LaunchImage;
				INFOPLIST_FILE = Unit3Demo/Info.plist;
				LD_RUNPATH_SEARCH_PATHS = "$(inherited) @executable_path/Frameworks";
				PRODUCT_NAME = "$(TARGET_NAME)";
			};
			name = Release;
		};
		D79C1C2219BEB162008085CB /* Debug */ = {
			isa = XCBuildConfiguration;
			buildSettings = {
				BUNDLE_LOADER = "$(TEST_HOST)";
				FRAMEWORK_SEARCH_PATHS = (
					"$(SDKROOT)/Developer/Library/Frameworks",
					"$(inherited)",
				);
				GCC_PREPROCESSOR_DEFINITIONS = (
					"DEBUG=1",
					"$(inherited)",
				);
				INFOPLIST_FILE = Unit3DemoTests/Info.plist;
				LD_RUNPATH_SEARCH_PATHS = "$(inherited) @executable_path/Frameworks @loader_path/Frameworks";
				PRODUCT_NAME = "$(TARGET_NAME)";
				TEST_HOST = "$(BUILT_PRODUCTS_DIR)/Unit3Demo.app/Unit3Demo";
			};
			name = Debug;
		};
		D79C1C2319BEB162008085CB /* Release */ = {
			isa = XCBuildConfiguration;
			buildSettings = {
				BUNDLE_LOADER = "$(TEST_HOST)";
				FRAMEWORK_SEARCH_PATHS = (
					"$(SDKROOT)/Developer/Library/Frameworks",
					"$(inherited)",
				);
				INFOPLIST_FILE = Unit3DemoTests/Info.plist;
				LD_RUNPATH_SEARCH_PATHS = "$(inherited) @executable_path/Frameworks @loader_path/Frameworks";
				PRODUCT_NAME = "$(TARGET_NAME)";
				TEST_HOST = "$(BUILT_PRODUCTS_DIR)/Unit3Demo.app/Unit3Demo";
			};
			name = Release;
		};
/* End XCBuildConfiguration section */

/* Begin XCConfigurationList section */
		D79C1BFD19BEB162008085CB /* Build configuration list for PBXProject "Unit3Demo" */ = {
			isa = XCConfigurationList;
			buildConfigurations = (
				D79C1C1C19BEB162008085CB /* Debug */,
				D79C1C1D19BEB162008085CB /* Release */,
			);
			defaultConfigurationIsVisible = 0;
			defaultConfigurationName = Release;
		};
		D79C1C1E19BEB162008085CB /* Build configuration list for PBXNativeTarget "Unit3Demo" */ = {
			isa = XCConfigurationList;
			buildConfigurations = (
				D79C1C1F19BEB162008085CB /* Debug */,
				D79C1C2019BEB162008085CB /* Release */,
			);
			defaultConfigurationIsVisible = 0;
		};
		D79C1C2119BEB162008085CB /* Build configuration list for PBXNativeTarget "Unit3DemoTests" */ = {
			isa = XCConfigurationList;
			buildConfigurations = (
				D79C1C2219BEB162008085CB /* Debug */,
				D79C1C2319BEB162008085CB /* Release */,
			);
			defaultConfigurationIsVisible = 0;
		};
/* End XCConfigurationList section */
	};
	rootObject = D79C1BFA19BEB162008085CB /* Project object */;
}
